
Microsoft Visual Studio Solution File, Format Version 12.00
# Visual Studio Version 17
VisualStudioVersion = 17.8.34408.163
MinimumVisualStudioVersion = 10.0.40219.1
Project("{FAE04EC0-301F-11D3-BF4B-00C04F79EFBC}") = "CheckoutSimu", "CheckoutSimu\CheckoutSimu.csproj", "{C8FA4364-96F9-420A-A02E-A32DD3DD9814}"
EndProject
Project("{FAE04EC0-301F-11D3-BF4B-00C04F79EFBC}") = "CheckoutSimuTest", "CheckoutSimuTest\CheckoutSimuTest.csproj", "{D390FA8A-A901-4DBC-BABF-19BA8E06D559}"
EndProject
Global
	GlobalSection(SolutionConfigurationPlatforms) = preSolution
		Debug|Any CPU = Debug|Any CPU
		Release|Any CPU = Release|Any CPU
	EndGlobalSection
	GlobalSection(ProjectConfigurationPlatforms) = postSolution
		{C8FA4364-96F9-420A-A02E-A32DD3DD9814}.Debug|Any CPU.ActiveCfg = Debug|Any CPU
		{C8FA4364-96F9-420A-A02E-A32DD3DD9814}.Debug|Any CPU.Build.0 = Debug|Any CPU
		{C8FA4364-96F9-420A-A02E-A32DD3DD9814}.Release|Any CPU.ActiveCfg = Release|Any CPU
		{C8FA4364-96F9-420A-A02E-A32DD3DD9814}.Release|Any CPU.Build.0 = Release|Any CPU
		{D390FA8A-A901-4DBC-BABF-19BA8E06D559}.Debug|Any CPU.ActiveCfg = Debug|Any CPU
		{D390FA8A-A901-4DBC-BABF-19BA8E06D559}.Debug|Any CPU.Build.0 = Debug|Any CPU
		{D390FA8A-A901-4DBC-BABF-19BA8E06D559}.Release|Any CPU.ActiveCfg = Release|Any CPU
		{D390FA8A-A901-4DBC-BABF-19BA8E06D559}.Release|Any CPU.Build.0 = Release|Any CPU
	EndGlobalSection
	GlobalSection(SolutionProperties) = preSolution
		HideSolutionNode = FALSE
	EndGlobalSection
	GlobalSection(ExtensibilityGlobals) = postSolution
		SolutionGuid = {0E488716-F242-44D4-97F3-29608E06D42D}
	EndGlobalSection
EndGlobal
